
Microsoft Visual Studio Solution File, Format Version 12.00
# Visual Studio 14
VisualStudioVersion = 14.0.22310.1
MinimumVisualStudioVersion = 10.0.40219.1
Project("{FAE04EC0-301F-11D3-BF4B-00C04F79EFBC}") = "CodeFirstMetadata", "CodeFirstMetadata\CodeFirstMetadata.csproj", "{4B0BED60-C390-413D-A341-4B6144D8EBC3}"
EndProject
Project("{FAE04EC0-301F-11D3-BF4B-00C04F79EFBC}") = "CodeFirstMetadataCommon", "CodeFirstMetadataCommon\CodeFirstMetadataCommon.csproj", "{2F5456E7-15A9-46C5-937F-34896DA04EBE}"
EndProject
Project("{FAE04EC0-301F-11D3-BF4B-00C04F79EFBC}") = "CodeFirstMetadataT4Support", "CodeFirstMetadataT4Support\CodeFirstMetadataT4Support.csproj", "{3637A580-5BBD-4411-8073-9008D6A67729}"
EndProject
Project("{FAE04EC0-301F-11D3-BF4B-00C04F79EFBC}") = "CodeFirstCSharp", "CodeFirstCSharp\CodeFirstCSharp.csproj", "{5520A68E-2A78-4819-9A3C-3D7CC5D0AFEE}"
EndProject
Project("{2150E333-8FDC-42A3-9474-1A3956D46DE8}") = "Examples", "Examples", "{A379EE7F-9CC7-49AC-8BC6-00671C24FF1F}"
EndProject
Project("{2150E333-8FDC-42A3-9474-1A3956D46DE8}") = "SemanticLogGeneration", "SemanticLogGeneration", "{348821B1-9574-4DC7-842D-26E535D2DC7B}"
EndProject
Project("{2150E333-8FDC-42A3-9474-1A3956D46DE8}") = "DomainGeneration", "DomainGeneration", "{ECC00025-6791-40F4-8E9C-1E581485FAFC}"
EndProject
Project("{2150E333-8FDC-42A3-9474-1A3956D46DE8}") = "DiagnosticsGeneration", "DiagnosticsGeneration", "{4B7D39C8-936C-4D99-8867-FEEB0A99F93D}"
EndProject
Project("{FAE04EC0-301F-11D3-BF4B-00C04F79EFBC}") = "DiagnosticsGenerationSupport", "Examples\DiagnosticsGeneration\DiagnosticsGenerationSupport\DiagnosticsGenerationSupport.csproj", "{5E44BA1E-1C02-49A8-901C-855411121C92}"
EndProject
Project("{FAE04EC0-301F-11D3-BF4B-00C04F79EFBC}") = "DiagnosticsGenerationTemplates", "Examples\DiagnosticsGeneration\DiagnosticsGenerationTemplates\DiagnosticsGenerationTemplates.csproj", "{D863CB41-C193-4234-8F55-74024C11116A}"
EndProject
Project("{FAE04EC0-301F-11D3-BF4B-00C04F79EFBC}") = "DiagnosticsGenerationMetadata", "Examples\DiagnosticsGeneration\DiagnosticsGenerationMetadata\DiagnosticsGenerationMetadata.csproj", "{07551A16-4BE2-4A31-ABC0-E39ECB7AC739}"
EndProject
Project("{FAE04EC0-301F-11D3-BF4B-00C04F79EFBC}") = "DomainGenerationSupport", "Examples\DomainGeneration\DomainGenerationSupport\DomainGenerationSupport.csproj", "{7545C692-FF04-46CB-8281-436CA5EA7697}"
EndProject
Project("{FAE04EC0-301F-11D3-BF4B-00C04F79EFBC}") = "DomainGenerationTemplates", "Examples\DomainGeneration\DomainGenerationTemplates\DomainGenerationTemplates.csproj", "{3583B6A0-9D4E-4D84-9F1D-03BCEE5A4A68}"
EndProject
Project("{FAE04EC0-301F-11D3-BF4B-00C04F79EFBC}") = "DomainGenerationMetadata", "Examples\DomainGeneration\DomainGenerationMetadata\DomainGenerationMetadata.csproj", "{F875C0D6-AD6A-4CAE-AD9A-1032475A4F82}"
EndProject
Project("{FAE04EC0-301F-11D3-BF4B-00C04F79EFBC}") = "SemanticLogGenerationSupport", "Examples\SemanticLogGeneration\SemanticLogGenerationSupport\SemanticLogGenerationSupport.csproj", "{94FF26C7-27CC-40E0-8E97-3AB71FE3878A}"
EndProject
Project("{FAE04EC0-301F-11D3-BF4B-00C04F79EFBC}") = "SemanticLogGenerationTemplates", "Examples\SemanticLogGeneration\SemanticLogGenerationTemplates\SemanticLogGenerationTemplates.csproj", "{FA47C35F-0ABE-4DBC-A2DF-7A3AA38DAC22}"
EndProject
Project("{FAE04EC0-301F-11D3-BF4B-00C04F79EFBC}") = "SemanticLogGenerationMetadata", "Examples\SemanticLogGeneration\SemanticLogGenerationMetadata\SemanticLogGenerationMetadata.csproj", "{3EB204CD-A96D-4E0B-9F78-34312646678D}"
EndProject
Project("{FAE04EC0-301F-11D3-BF4B-00C04F79EFBC}") = "DiagnosticsGenerationTests", "Examples\DiagnosticsGeneration\DiagnosticsGenerationTests\DiagnosticsGenerationTests.csproj", "{09AD21F6-8D92-47D0-90B4-46B976F592AF}"
EndProject
Project("{FAE04EC0-301F-11D3-BF4B-00C04F79EFBC}") = "DomainGenerationTests", "Examples\DomainGeneration\DomainGenerationTests\DomainGenerationTests.csproj", "{14B94E0C-94D6-4A79-B40F-0CD2C384CBC0}"
EndProject
Project("{FAE04EC0-301F-11D3-BF4B-00C04F79EFBC}") = "SemanticLogGenerationTests", "Examples\SemanticLogGeneration\SemanticLogGenerationTests\SemanticLogGenerationTests.csproj", "{039292F8-6F68-483D-B2EB-C53CB7717C0E}"
EndProject
Project("{2150E333-8FDC-42A3-9474-1A3956D46DE8}") = ".nuget", ".nuget", "{15ECD5B7-3D0B-4921-A439-040AE01087AC}"
	ProjectSection(SolutionItems) = preProject
		.nuget\packages.config = .nuget\packages.config
	EndProjectSection
EndProject
Project("{FAE04EC0-301F-11D3-BF4B-00C04F79EFBC}") = "CodeFirstT4Example", "Examples\CodeFirstT4Example\CodeFirstT4Example.csproj", "{F0503541-A3DA-4EB1-B0B7-779E4276B2DF}"
EndProject
Project("{FAE04EC0-301F-11D3-BF4B-00C04F79EFBC}") = "CodeFirstMetadataProvider", "CodeFirstMetadataProvider\CodeFirstMetadataProvider.csproj", "{94DD447B-FEE5-4892-A421-59E04E82A2C2}"
EndProject
Project("{FAE04EC0-301F-11D3-BF4B-00C04F79EFBC}") = "CodeFirstTemplateSupport", "CodeFirstTemplateSupport\CodeFirstTemplateSupport.csproj", "{7A877C5C-0554-4040-BE31-5403471995AB}"
EndProject
Project("{FAE04EC0-301F-11D3-BF4B-00C04F79EFBC}") = "SqlSchema", "SqlSchema\SqlSchema.csproj", "{4C8FAFB5-3368-4A35-AD1F-4390ACE70991}"
EndProject
Project("{FAE04EC0-301F-11D3-BF4B-00C04F79EFBC}") = "SchemaTests", "SchemaTests\SchemaTests.csproj", "{F8A5DC08-346E-49E7-849A-5DF291C876EF}"
EndProject
Project("{2150E333-8FDC-42A3-9474-1A3956D46DE8}") = "Tests", "Tests", "{099EB1F3-4FFA-47B3-AA17-B45C416DED16}"
EndProject
Project("{FAE04EC0-301F-11D3-BF4B-00C04F79EFBC}") = "DomainOutput", "Examples\DomainGeneration\DomainOutput\DomainOutput.csproj", "{201ACA4F-9A23-43EB-9BDB-AC1F9FD9849F}"
EndProject
Project("{FAE04EC0-301F-11D3-BF4B-00C04F79EFBC}") = "DiagnosticOutput", "Examples\DiagnosticsGeneration\DiagnosticOutput\DiagnosticOutput\DiagnosticOutput.csproj", "{C204C96F-156B-4075-A907-CAE3D8C08DBD}"
EndProject
Project("{FAE04EC0-301F-11D3-BF4B-00C04F79EFBC}") = "DiagnosticOutput.Test", "Examples\DiagnosticsGeneration\DiagnosticOutput\DiagnosticOutput.Test\DiagnosticOutput.Test.csproj", "{3815DC65-43F7-4FEE-A19A-0F711C670F4F}"
EndProject
Project("{FAE04EC0-301F-11D3-BF4B-00C04F79EFBC}") = "DiagnosticOutput.Vsix", "Examples\DiagnosticsGeneration\DiagnosticOutput\DiagnosticOutput.Vsix\DiagnosticOutput.Vsix.csproj", "{1B1D2495-64F3-4AE7-87D1-62150C01FC2C}"
EndProject
Project("{FAE04EC0-301F-11D3-BF4B-00C04F79EFBC}") = "CodeFirstMetadataCommonTests", "Tests\CodeFirstMetadataCommonTests\CodeFirstMetadataCommonTests.csproj", "{7032A16A-91F3-4210-BE29-9138CBE01607}"
EndProject
Project("{FAE04EC0-301F-11D3-BF4B-00C04F79EFBC}") = "CodeFirstMetadataTests", "Tests\CodeFirstMetadataTests\CodeFirstMetadataTests.csproj", "{DF3ADB75-0734-4A36-B25F-5CED939DA8DE}"
EndProject
Global
	GlobalSection(SolutionConfigurationPlatforms) = preSolution
		Debug|Any CPU = Debug|Any CPU
		Debug|ARM = Debug|ARM
		Debug|x86 = Debug|x86
		Release|Any CPU = Release|Any CPU
		Release|ARM = Release|ARM
		Release|x86 = Release|x86
	EndGlobalSection
	GlobalSection(ProjectConfigurationPlatforms) = postSolution
		{4B0BED60-C390-413D-A341-4B6144D8EBC3}.Debug|Any CPU.ActiveCfg = Debug|Any CPU
		{4B0BED60-C390-413D-A341-4B6144D8EBC3}.Debug|Any CPU.Build.0 = Debug|Any CPU
		{4B0BED60-C390-413D-A341-4B6144D8EBC3}.Debug|ARM.ActiveCfg = Debug|Any CPU
		{4B0BED60-C390-413D-A341-4B6144D8EBC3}.Debug|x86.ActiveCfg = Debug|Any CPU
		{4B0BED60-C390-413D-A341-4B6144D8EBC3}.Release|Any CPU.ActiveCfg = Release|Any CPU
		{4B0BED60-C390-413D-A341-4B6144D8EBC3}.Release|Any CPU.Build.0 = Release|Any CPU
		{4B0BED60-C390-413D-A341-4B6144D8EBC3}.Release|ARM.ActiveCfg = Release|Any CPU
		{4B0BED60-C390-413D-A341-4B6144D8EBC3}.Release|x86.ActiveCfg = Release|Any CPU
		{2F5456E7-15A9-46C5-937F-34896DA04EBE}.Debug|Any CPU.ActiveCfg = Debug|Any CPU
		{2F5456E7-15A9-46C5-937F-34896DA04EBE}.Debug|Any CPU.Build.0 = Debug|Any CPU
		{2F5456E7-15A9-46C5-937F-34896DA04EBE}.Debug|ARM.ActiveCfg = Debug|Any CPU
		{2F5456E7-15A9-46C5-937F-34896DA04EBE}.Debug|x86.ActiveCfg = Debug|Any CPU
		{2F5456E7-15A9-46C5-937F-34896DA04EBE}.Release|Any CPU.ActiveCfg = Release|Any CPU
		{2F5456E7-15A9-46C5-937F-34896DA04EBE}.Release|Any CPU.Build.0 = Release|Any CPU
		{2F5456E7-15A9-46C5-937F-34896DA04EBE}.Release|ARM.ActiveCfg = Release|Any CPU
		{2F5456E7-15A9-46C5-937F-34896DA04EBE}.Release|x86.ActiveCfg = Release|Any CPU
		{3637A580-5BBD-4411-8073-9008D6A67729}.Debug|Any CPU.ActiveCfg = Debug|Any CPU
		{3637A580-5BBD-4411-8073-9008D6A67729}.Debug|Any CPU.Build.0 = Debug|Any CPU
		{3637A580-5BBD-4411-8073-9008D6A67729}.Debug|ARM.ActiveCfg = Debug|Any CPU
		{3637A580-5BBD-4411-8073-9008D6A67729}.Debug|x86.ActiveCfg = Debug|Any CPU
		{3637A580-5BBD-4411-8073-9008D6A67729}.Release|Any CPU.ActiveCfg = Release|Any CPU
		{3637A580-5BBD-4411-8073-9008D6A67729}.Release|Any CPU.Build.0 = Release|Any CPU
		{3637A580-5BBD-4411-8073-9008D6A67729}.Release|ARM.ActiveCfg = Release|Any CPU
		{3637A580-5BBD-4411-8073-9008D6A67729}.Release|x86.ActiveCfg = Release|Any CPU
		{5520A68E-2A78-4819-9A3C-3D7CC5D0AFEE}.Debug|Any CPU.ActiveCfg = Debug|Any CPU
		{5520A68E-2A78-4819-9A3C-3D7CC5D0AFEE}.Debug|Any CPU.Build.0 = Debug|Any CPU
		{5520A68E-2A78-4819-9A3C-3D7CC5D0AFEE}.Debug|ARM.ActiveCfg = Debug|Any CPU
		{5520A68E-2A78-4819-9A3C-3D7CC5D0AFEE}.Debug|x86.ActiveCfg = Debug|Any CPU
		{5520A68E-2A78-4819-9A3C-3D7CC5D0AFEE}.Release|Any CPU.ActiveCfg = Release|Any CPU
		{5520A68E-2A78-4819-9A3C-3D7CC5D0AFEE}.Release|Any CPU.Build.0 = Release|Any CPU
		{5520A68E-2A78-4819-9A3C-3D7CC5D0AFEE}.Release|ARM.ActiveCfg = Release|Any CPU
		{5520A68E-2A78-4819-9A3C-3D7CC5D0AFEE}.Release|x86.ActiveCfg = Release|Any CPU
		{5E44BA1E-1C02-49A8-901C-855411121C92}.Debug|Any CPU.ActiveCfg = Debug|Any CPU
		{5E44BA1E-1C02-49A8-901C-855411121C92}.Debug|Any CPU.Build.0 = Debug|Any CPU
		{5E44BA1E-1C02-49A8-901C-855411121C92}.Debug|ARM.ActiveCfg = Debug|Any CPU
		{5E44BA1E-1C02-49A8-901C-855411121C92}.Debug|ARM.Build.0 = Debug|Any CPU
		{5E44BA1E-1C02-49A8-901C-855411121C92}.Debug|x86.ActiveCfg = Debug|Any CPU
		{5E44BA1E-1C02-49A8-901C-855411121C92}.Debug|x86.Build.0 = Debug|Any CPU
		{5E44BA1E-1C02-49A8-901C-855411121C92}.Release|Any CPU.ActiveCfg = Release|Any CPU
		{5E44BA1E-1C02-49A8-901C-855411121C92}.Release|Any CPU.Build.0 = Release|Any CPU
		{5E44BA1E-1C02-49A8-901C-855411121C92}.Release|ARM.ActiveCfg = Release|Any CPU
		{5E44BA1E-1C02-49A8-901C-855411121C92}.Release|ARM.Build.0 = Release|Any CPU
		{5E44BA1E-1C02-49A8-901C-855411121C92}.Release|x86.ActiveCfg = Release|Any CPU
		{5E44BA1E-1C02-49A8-901C-855411121C92}.Release|x86.Build.0 = Release|Any CPU
		{D863CB41-C193-4234-8F55-74024C11116A}.Debug|Any CPU.ActiveCfg = Debug|Any CPU
		{D863CB41-C193-4234-8F55-74024C11116A}.Debug|Any CPU.Build.0 = Debug|Any CPU
		{D863CB41-C193-4234-8F55-74024C11116A}.Debug|ARM.ActiveCfg = Debug|Any CPU
		{D863CB41-C193-4234-8F55-74024C11116A}.Debug|ARM.Build.0 = Debug|Any CPU
		{D863CB41-C193-4234-8F55-74024C11116A}.Debug|x86.ActiveCfg = Debug|Any CPU
		{D863CB41-C193-4234-8F55-74024C11116A}.Debug|x86.Build.0 = Debug|Any CPU
		{D863CB41-C193-4234-8F55-74024C11116A}.Release|Any CPU.ActiveCfg = Release|Any CPU
		{D863CB41-C193-4234-8F55-74024C11116A}.Release|Any CPU.Build.0 = Release|Any CPU
		{D863CB41-C193-4234-8F55-74024C11116A}.Release|ARM.ActiveCfg = Release|Any CPU
		{D863CB41-C193-4234-8F55-74024C11116A}.Release|ARM.Build.0 = Release|Any CPU
		{D863CB41-C193-4234-8F55-74024C11116A}.Release|x86.ActiveCfg = Release|Any CPU
		{D863CB41-C193-4234-8F55-74024C11116A}.Release|x86.Build.0 = Release|Any CPU
		{07551A16-4BE2-4A31-ABC0-E39ECB7AC739}.Debug|Any CPU.ActiveCfg = Debug|Any CPU
		{07551A16-4BE2-4A31-ABC0-E39ECB7AC739}.Debug|Any CPU.Build.0 = Debug|Any CPU
		{07551A16-4BE2-4A31-ABC0-E39ECB7AC739}.Debug|ARM.ActiveCfg = Debug|Any CPU
		{07551A16-4BE2-4A31-ABC0-E39ECB7AC739}.Debug|ARM.Build.0 = Debug|Any CPU
		{07551A16-4BE2-4A31-ABC0-E39ECB7AC739}.Debug|x86.ActiveCfg = Debug|Any CPU
		{07551A16-4BE2-4A31-ABC0-E39ECB7AC739}.Debug|x86.Build.0 = Debug|Any CPU
		{07551A16-4BE2-4A31-ABC0-E39ECB7AC739}.Release|Any CPU.ActiveCfg = Release|Any CPU
		{07551A16-4BE2-4A31-ABC0-E39ECB7AC739}.Release|Any CPU.Build.0 = Release|Any CPU
		{07551A16-4BE2-4A31-ABC0-E39ECB7AC739}.Release|ARM.ActiveCfg = Release|Any CPU
		{07551A16-4BE2-4A31-ABC0-E39ECB7AC739}.Release|ARM.Build.0 = Release|Any CPU
		{07551A16-4BE2-4A31-ABC0-E39ECB7AC739}.Release|x86.ActiveCfg = Release|Any CPU
		{07551A16-4BE2-4A31-ABC0-E39ECB7AC739}.Release|x86.Build.0 = Release|Any CPU
		{7545C692-FF04-46CB-8281-436CA5EA7697}.Debug|Any CPU.ActiveCfg = Debug|Any CPU
		{7545C692-FF04-46CB-8281-436CA5EA7697}.Debug|Any CPU.Build.0 = Debug|Any CPU
		{7545C692-FF04-46CB-8281-436CA5EA7697}.Debug|ARM.ActiveCfg = Debug|Any CPU
		{7545C692-FF04-46CB-8281-436CA5EA7697}.Debug|ARM.Build.0 = Debug|Any CPU
		{7545C692-FF04-46CB-8281-436CA5EA7697}.Debug|x86.ActiveCfg = Debug|Any CPU
		{7545C692-FF04-46CB-8281-436CA5EA7697}.Debug|x86.Build.0 = Debug|Any CPU
		{7545C692-FF04-46CB-8281-436CA5EA7697}.Release|Any CPU.ActiveCfg = Release|Any CPU
		{7545C692-FF04-46CB-8281-436CA5EA7697}.Release|Any CPU.Build.0 = Release|Any CPU
		{7545C692-FF04-46CB-8281-436CA5EA7697}.Release|ARM.ActiveCfg = Release|Any CPU
		{7545C692-FF04-46CB-8281-436CA5EA7697}.Release|ARM.Build.0 = Release|Any CPU
		{7545C692-FF04-46CB-8281-436CA5EA7697}.Release|x86.ActiveCfg = Release|Any CPU
		{7545C692-FF04-46CB-8281-436CA5EA7697}.Release|x86.Build.0 = Release|Any CPU
		{3583B6A0-9D4E-4D84-9F1D-03BCEE5A4A68}.Debug|Any CPU.ActiveCfg = Debug|Any CPU
		{3583B6A0-9D4E-4D84-9F1D-03BCEE5A4A68}.Debug|Any CPU.Build.0 = Debug|Any CPU
		{3583B6A0-9D4E-4D84-9F1D-03BCEE5A4A68}.Debug|ARM.ActiveCfg = Debug|Any CPU
		{3583B6A0-9D4E-4D84-9F1D-03BCEE5A4A68}.Debug|ARM.Build.0 = Debug|Any CPU
		{3583B6A0-9D4E-4D84-9F1D-03BCEE5A4A68}.Debug|x86.ActiveCfg = Debug|Any CPU
		{3583B6A0-9D4E-4D84-9F1D-03BCEE5A4A68}.Debug|x86.Build.0 = Debug|Any CPU
		{3583B6A0-9D4E-4D84-9F1D-03BCEE5A4A68}.Release|Any CPU.ActiveCfg = Release|Any CPU
		{3583B6A0-9D4E-4D84-9F1D-03BCEE5A4A68}.Release|Any CPU.Build.0 = Release|Any CPU
		{3583B6A0-9D4E-4D84-9F1D-03BCEE5A4A68}.Release|ARM.ActiveCfg = Release|Any CPU
		{3583B6A0-9D4E-4D84-9F1D-03BCEE5A4A68}.Release|ARM.Build.0 = Release|Any CPU
		{3583B6A0-9D4E-4D84-9F1D-03BCEE5A4A68}.Release|x86.ActiveCfg = Release|Any CPU
		{3583B6A0-9D4E-4D84-9F1D-03BCEE5A4A68}.Release|x86.Build.0 = Release|Any CPU
		{F875C0D6-AD6A-4CAE-AD9A-1032475A4F82}.Debug|Any CPU.ActiveCfg = Debug|Any CPU
		{F875C0D6-AD6A-4CAE-AD9A-1032475A4F82}.Debug|Any CPU.Build.0 = Debug|Any CPU
		{F875C0D6-AD6A-4CAE-AD9A-1032475A4F82}.Debug|ARM.ActiveCfg = Debug|Any CPU
		{F875C0D6-AD6A-4CAE-AD9A-1032475A4F82}.Debug|ARM.Build.0 = Debug|Any CPU
		{F875C0D6-AD6A-4CAE-AD9A-1032475A4F82}.Debug|x86.ActiveCfg = Debug|Any CPU
		{F875C0D6-AD6A-4CAE-AD9A-1032475A4F82}.Debug|x86.Build.0 = Debug|Any CPU
		{F875C0D6-AD6A-4CAE-AD9A-1032475A4F82}.Release|Any CPU.ActiveCfg = Release|Any CPU
		{F875C0D6-AD6A-4CAE-AD9A-1032475A4F82}.Release|Any CPU.Build.0 = Release|Any CPU
		{F875C0D6-AD6A-4CAE-AD9A-1032475A4F82}.Release|ARM.ActiveCfg = Release|Any CPU
		{F875C0D6-AD6A-4CAE-AD9A-1032475A4F82}.Release|ARM.Build.0 = Release|Any CPU
		{F875C0D6-AD6A-4CAE-AD9A-1032475A4F82}.Release|x86.ActiveCfg = Release|Any CPU
		{F875C0D6-AD6A-4CAE-AD9A-1032475A4F82}.Release|x86.Build.0 = Release|Any CPU
		{94FF26C7-27CC-40E0-8E97-3AB71FE3878A}.Debug|Any CPU.ActiveCfg = Debug|Any CPU
		{94FF26C7-27CC-40E0-8E97-3AB71FE3878A}.Debug|Any CPU.Build.0 = Debug|Any CPU
		{94FF26C7-27CC-40E0-8E97-3AB71FE3878A}.Debug|ARM.ActiveCfg = Debug|Any CPU
		{94FF26C7-27CC-40E0-8E97-3AB71FE3878A}.Debug|ARM.Build.0 = Debug|Any CPU
		{94FF26C7-27CC-40E0-8E97-3AB71FE3878A}.Debug|x86.ActiveCfg = Debug|Any CPU
		{94FF26C7-27CC-40E0-8E97-3AB71FE3878A}.Debug|x86.Build.0 = Debug|Any CPU
		{94FF26C7-27CC-40E0-8E97-3AB71FE3878A}.Release|Any CPU.ActiveCfg = Release|Any CPU
		{94FF26C7-27CC-40E0-8E97-3AB71FE3878A}.Release|Any CPU.Build.0 = Release|Any CPU
		{94FF26C7-27CC-40E0-8E97-3AB71FE3878A}.Release|ARM.ActiveCfg = Release|Any CPU
		{94FF26C7-27CC-40E0-8E97-3AB71FE3878A}.Release|ARM.Build.0 = Release|Any CPU
		{94FF26C7-27CC-40E0-8E97-3AB71FE3878A}.Release|x86.ActiveCfg = Release|Any CPU
		{94FF26C7-27CC-40E0-8E97-3AB71FE3878A}.Release|x86.Build.0 = Release|Any CPU
		{FA47C35F-0ABE-4DBC-A2DF-7A3AA38DAC22}.Debug|Any CPU.ActiveCfg = Debug|Any CPU
		{FA47C35F-0ABE-4DBC-A2DF-7A3AA38DAC22}.Debug|Any CPU.Build.0 = Debug|Any CPU
		{FA47C35F-0ABE-4DBC-A2DF-7A3AA38DAC22}.Debug|ARM.ActiveCfg = Debug|Any CPU
		{FA47C35F-0ABE-4DBC-A2DF-7A3AA38DAC22}.Debug|ARM.Build.0 = Debug|Any CPU
		{FA47C35F-0ABE-4DBC-A2DF-7A3AA38DAC22}.Debug|x86.ActiveCfg = Debug|Any CPU
		{FA47C35F-0ABE-4DBC-A2DF-7A3AA38DAC22}.Debug|x86.Build.0 = Debug|Any CPU
		{FA47C35F-0ABE-4DBC-A2DF-7A3AA38DAC22}.Release|Any CPU.ActiveCfg = Release|Any CPU
		{FA47C35F-0ABE-4DBC-A2DF-7A3AA38DAC22}.Release|Any CPU.Build.0 = Release|Any CPU
		{FA47C35F-0ABE-4DBC-A2DF-7A3AA38DAC22}.Release|ARM.ActiveCfg = Release|Any CPU
		{FA47C35F-0ABE-4DBC-A2DF-7A3AA38DAC22}.Release|ARM.Build.0 = Release|Any CPU
		{FA47C35F-0ABE-4DBC-A2DF-7A3AA38DAC22}.Release|x86.ActiveCfg = Release|Any CPU
		{FA47C35F-0ABE-4DBC-A2DF-7A3AA38DAC22}.Release|x86.Build.0 = Release|Any CPU
		{3EB204CD-A96D-4E0B-9F78-34312646678D}.Debug|Any CPU.ActiveCfg = Debug|Any CPU
		{3EB204CD-A96D-4E0B-9F78-34312646678D}.Debug|Any CPU.Build.0 = Debug|Any CPU
		{3EB204CD-A96D-4E0B-9F78-34312646678D}.Debug|ARM.ActiveCfg = Debug|Any CPU
		{3EB204CD-A96D-4E0B-9F78-34312646678D}.Debug|ARM.Build.0 = Debug|Any CPU
		{3EB204CD-A96D-4E0B-9F78-34312646678D}.Debug|x86.ActiveCfg = Debug|Any CPU
		{3EB204CD-A96D-4E0B-9F78-34312646678D}.Debug|x86.Build.0 = Debug|Any CPU
		{3EB204CD-A96D-4E0B-9F78-34312646678D}.Release|Any CPU.ActiveCfg = Release|Any CPU
		{3EB204CD-A96D-4E0B-9F78-34312646678D}.Release|Any CPU.Build.0 = Release|Any CPU
		{3EB204CD-A96D-4E0B-9F78-34312646678D}.Release|ARM.ActiveCfg = Release|Any CPU
		{3EB204CD-A96D-4E0B-9F78-34312646678D}.Release|ARM.Build.0 = Release|Any CPU
		{3EB204CD-A96D-4E0B-9F78-34312646678D}.Release|x86.ActiveCfg = Release|Any CPU
		{3EB204CD-A96D-4E0B-9F78-34312646678D}.Release|x86.Build.0 = Release|Any CPU
		{09AD21F6-8D92-47D0-90B4-46B976F592AF}.Debug|Any CPU.ActiveCfg = Debug|Any CPU
		{09AD21F6-8D92-47D0-90B4-46B976F592AF}.Debug|Any CPU.Build.0 = Debug|Any CPU
		{09AD21F6-8D92-47D0-90B4-46B976F592AF}.Debug|ARM.ActiveCfg = Debug|Any CPU
		{09AD21F6-8D92-47D0-90B4-46B976F592AF}.Debug|ARM.Build.0 = Debug|Any CPU
		{09AD21F6-8D92-47D0-90B4-46B976F592AF}.Debug|x86.ActiveCfg = Debug|Any CPU
		{09AD21F6-8D92-47D0-90B4-46B976F592AF}.Debug|x86.Build.0 = Debug|Any CPU
		{09AD21F6-8D92-47D0-90B4-46B976F592AF}.Release|Any CPU.ActiveCfg = Release|Any CPU
		{09AD21F6-8D92-47D0-90B4-46B976F592AF}.Release|Any CPU.Build.0 = Release|Any CPU
		{09AD21F6-8D92-47D0-90B4-46B976F592AF}.Release|ARM.ActiveCfg = Release|Any CPU
		{09AD21F6-8D92-47D0-90B4-46B976F592AF}.Release|ARM.Build.0 = Release|Any CPU
		{09AD21F6-8D92-47D0-90B4-46B976F592AF}.Release|x86.ActiveCfg = Release|Any CPU
		{09AD21F6-8D92-47D0-90B4-46B976F592AF}.Release|x86.Build.0 = Release|Any CPU
		{14B94E0C-94D6-4A79-B40F-0CD2C384CBC0}.Debug|Any CPU.ActiveCfg = Debug|Any CPU
		{14B94E0C-94D6-4A79-B40F-0CD2C384CBC0}.Debug|Any CPU.Build.0 = Debug|Any CPU
		{14B94E0C-94D6-4A79-B40F-0CD2C384CBC0}.Debug|ARM.ActiveCfg = Debug|Any CPU
		{14B94E0C-94D6-4A79-B40F-0CD2C384CBC0}.Debug|ARM.Build.0 = Debug|Any CPU
		{14B94E0C-94D6-4A79-B40F-0CD2C384CBC0}.Debug|x86.ActiveCfg = Debug|Any CPU
		{14B94E0C-94D6-4A79-B40F-0CD2C384CBC0}.Debug|x86.Build.0 = Debug|Any CPU
		{14B94E0C-94D6-4A79-B40F-0CD2C384CBC0}.Release|Any CPU.ActiveCfg = Release|Any CPU
		{14B94E0C-94D6-4A79-B40F-0CD2C384CBC0}.Release|Any CPU.Build.0 = Release|Any CPU
		{14B94E0C-94D6-4A79-B40F-0CD2C384CBC0}.Release|ARM.ActiveCfg = Release|Any CPU
		{14B94E0C-94D6-4A79-B40F-0CD2C384CBC0}.Release|ARM.Build.0 = Release|Any CPU
		{14B94E0C-94D6-4A79-B40F-0CD2C384CBC0}.Release|x86.ActiveCfg = Release|Any CPU
		{14B94E0C-94D6-4A79-B40F-0CD2C384CBC0}.Release|x86.Build.0 = Release|Any CPU
		{039292F8-6F68-483D-B2EB-C53CB7717C0E}.Debug|Any CPU.ActiveCfg = Debug|Any CPU
		{039292F8-6F68-483D-B2EB-C53CB7717C0E}.Debug|Any CPU.Build.0 = Debug|Any CPU
		{039292F8-6F68-483D-B2EB-C53CB7717C0E}.Debug|ARM.ActiveCfg = Debug|Any CPU
		{039292F8-6F68-483D-B2EB-C53CB7717C0E}.Debug|ARM.Build.0 = Debug|Any CPU
		{039292F8-6F68-483D-B2EB-C53CB7717C0E}.Debug|x86.ActiveCfg = Debug|Any CPU
		{039292F8-6F68-483D-B2EB-C53CB7717C0E}.Debug|x86.Build.0 = Debug|Any CPU
		{039292F8-6F68-483D-B2EB-C53CB7717C0E}.Release|Any CPU.ActiveCfg = Release|Any CPU
		{039292F8-6F68-483D-B2EB-C53CB7717C0E}.Release|Any CPU.Build.0 = Release|Any CPU
		{039292F8-6F68-483D-B2EB-C53CB7717C0E}.Release|ARM.ActiveCfg = Release|Any CPU
		{039292F8-6F68-483D-B2EB-C53CB7717C0E}.Release|ARM.Build.0 = Release|Any CPU
		{039292F8-6F68-483D-B2EB-C53CB7717C0E}.Release|x86.ActiveCfg = Release|Any CPU
		{039292F8-6F68-483D-B2EB-C53CB7717C0E}.Release|x86.Build.0 = Release|Any CPU
		{F0503541-A3DA-4EB1-B0B7-779E4276B2DF}.Debug|Any CPU.ActiveCfg = Debug|Any CPU
		{F0503541-A3DA-4EB1-B0B7-779E4276B2DF}.Debug|Any CPU.Build.0 = Debug|Any CPU
		{F0503541-A3DA-4EB1-B0B7-779E4276B2DF}.Debug|ARM.ActiveCfg = Debug|Any CPU
		{F0503541-A3DA-4EB1-B0B7-779E4276B2DF}.Debug|ARM.Build.0 = Debug|Any CPU
		{F0503541-A3DA-4EB1-B0B7-779E4276B2DF}.Debug|x86.ActiveCfg = Debug|Any CPU
		{F0503541-A3DA-4EB1-B0B7-779E4276B2DF}.Debug|x86.Build.0 = Debug|Any CPU
		{F0503541-A3DA-4EB1-B0B7-779E4276B2DF}.Release|Any CPU.ActiveCfg = Release|Any CPU
		{F0503541-A3DA-4EB1-B0B7-779E4276B2DF}.Release|Any CPU.Build.0 = Release|Any CPU
		{F0503541-A3DA-4EB1-B0B7-779E4276B2DF}.Release|ARM.ActiveCfg = Release|Any CPU
		{F0503541-A3DA-4EB1-B0B7-779E4276B2DF}.Release|ARM.Build.0 = Release|Any CPU
		{F0503541-A3DA-4EB1-B0B7-779E4276B2DF}.Release|x86.ActiveCfg = Release|Any CPU
		{F0503541-A3DA-4EB1-B0B7-779E4276B2DF}.Release|x86.Build.0 = Release|Any CPU
		{94DD447B-FEE5-4892-A421-59E04E82A2C2}.Debug|Any CPU.ActiveCfg = Debug|Any CPU
		{94DD447B-FEE5-4892-A421-59E04E82A2C2}.Debug|Any CPU.Build.0 = Debug|Any CPU
		{94DD447B-FEE5-4892-A421-59E04E82A2C2}.Debug|ARM.ActiveCfg = Debug|Any CPU
		{94DD447B-FEE5-4892-A421-59E04E82A2C2}.Debug|ARM.Build.0 = Debug|Any CPU
		{94DD447B-FEE5-4892-A421-59E04E82A2C2}.Debug|x86.ActiveCfg = Debug|Any CPU
		{94DD447B-FEE5-4892-A421-59E04E82A2C2}.Debug|x86.Build.0 = Debug|Any CPU
		{94DD447B-FEE5-4892-A421-59E04E82A2C2}.Release|Any CPU.ActiveCfg = Release|Any CPU
		{94DD447B-FEE5-4892-A421-59E04E82A2C2}.Release|Any CPU.Build.0 = Release|Any CPU
		{94DD447B-FEE5-4892-A421-59E04E82A2C2}.Release|ARM.ActiveCfg = Release|Any CPU
		{94DD447B-FEE5-4892-A421-59E04E82A2C2}.Release|ARM.Build.0 = Release|Any CPU
		{94DD447B-FEE5-4892-A421-59E04E82A2C2}.Release|x86.ActiveCfg = Release|Any CPU
		{94DD447B-FEE5-4892-A421-59E04E82A2C2}.Release|x86.Build.0 = Release|Any CPU
		{7A877C5C-0554-4040-BE31-5403471995AB}.Debug|Any CPU.ActiveCfg = Debug|Any CPU
		{7A877C5C-0554-4040-BE31-5403471995AB}.Debug|Any CPU.Build.0 = Debug|Any CPU
		{7A877C5C-0554-4040-BE31-5403471995AB}.Debug|ARM.ActiveCfg = Debug|Any CPU
		{7A877C5C-0554-4040-BE31-5403471995AB}.Debug|ARM.Build.0 = Debug|Any CPU
		{7A877C5C-0554-4040-BE31-5403471995AB}.Debug|x86.ActiveCfg = Debug|Any CPU
		{7A877C5C-0554-4040-BE31-5403471995AB}.Debug|x86.Build.0 = Debug|Any CPU
		{7A877C5C-0554-4040-BE31-5403471995AB}.Release|Any CPU.ActiveCfg = Release|Any CPU
		{7A877C5C-0554-4040-BE31-5403471995AB}.Release|Any CPU.Build.0 = Release|Any CPU
		{7A877C5C-0554-4040-BE31-5403471995AB}.Release|ARM.ActiveCfg = Release|Any CPU
		{7A877C5C-0554-4040-BE31-5403471995AB}.Release|ARM.Build.0 = Release|Any CPU
		{7A877C5C-0554-4040-BE31-5403471995AB}.Release|x86.ActiveCfg = Release|Any CPU
		{7A877C5C-0554-4040-BE31-5403471995AB}.Release|x86.Build.0 = Release|Any CPU
		{4C8FAFB5-3368-4A35-AD1F-4390ACE70991}.Debug|Any CPU.ActiveCfg = Debug|Any CPU
		{4C8FAFB5-3368-4A35-AD1F-4390ACE70991}.Debug|Any CPU.Build.0 = Debug|Any CPU
		{4C8FAFB5-3368-4A35-AD1F-4390ACE70991}.Debug|ARM.ActiveCfg = Debug|Any CPU
		{4C8FAFB5-3368-4A35-AD1F-4390ACE70991}.Debug|x86.ActiveCfg = Debug|Any CPU
		{4C8FAFB5-3368-4A35-AD1F-4390ACE70991}.Release|Any CPU.ActiveCfg = Release|Any CPU
		{4C8FAFB5-3368-4A35-AD1F-4390ACE70991}.Release|Any CPU.Build.0 = Release|Any CPU
		{4C8FAFB5-3368-4A35-AD1F-4390ACE70991}.Release|ARM.ActiveCfg = Release|Any CPU
		{4C8FAFB5-3368-4A35-AD1F-4390ACE70991}.Release|x86.ActiveCfg = Release|Any CPU
		{F8A5DC08-346E-49E7-849A-5DF291C876EF}.Debug|Any CPU.ActiveCfg = Debug|Any CPU
		{F8A5DC08-346E-49E7-849A-5DF291C876EF}.Debug|Any CPU.Build.0 = Debug|Any CPU
		{F8A5DC08-346E-49E7-849A-5DF291C876EF}.Debug|ARM.ActiveCfg = Debug|Any CPU
		{F8A5DC08-346E-49E7-849A-5DF291C876EF}.Debug|x86.ActiveCfg = Debug|Any CPU
		{F8A5DC08-346E-49E7-849A-5DF291C876EF}.Release|Any CPU.ActiveCfg = Release|Any CPU
		{F8A5DC08-346E-49E7-849A-5DF291C876EF}.Release|Any CPU.Build.0 = Release|Any CPU
		{F8A5DC08-346E-49E7-849A-5DF291C876EF}.Release|ARM.ActiveCfg = Release|Any CPU
		{F8A5DC08-346E-49E7-849A-5DF291C876EF}.Release|x86.ActiveCfg = Release|Any CPU
		{201ACA4F-9A23-43EB-9BDB-AC1F9FD9849F}.Debug|Any CPU.ActiveCfg = Debug|Any CPU
		{201ACA4F-9A23-43EB-9BDB-AC1F9FD9849F}.Debug|Any CPU.Build.0 = Debug|Any CPU
		{201ACA4F-9A23-43EB-9BDB-AC1F9FD9849F}.Debug|ARM.ActiveCfg = Debug|Any CPU
		{201ACA4F-9A23-43EB-9BDB-AC1F9FD9849F}.Debug|ARM.Build.0 = Debug|Any CPU
		{201ACA4F-9A23-43EB-9BDB-AC1F9FD9849F}.Debug|x86.ActiveCfg = Debug|Any CPU
		{201ACA4F-9A23-43EB-9BDB-AC1F9FD9849F}.Debug|x86.Build.0 = Debug|Any CPU
		{201ACA4F-9A23-43EB-9BDB-AC1F9FD9849F}.Release|Any CPU.ActiveCfg = Release|Any CPU
		{201ACA4F-9A23-43EB-9BDB-AC1F9FD9849F}.Release|Any CPU.Build.0 = Release|Any CPU
		{201ACA4F-9A23-43EB-9BDB-AC1F9FD9849F}.Release|ARM.ActiveCfg = Release|Any CPU
		{201ACA4F-9A23-43EB-9BDB-AC1F9FD9849F}.Release|ARM.Build.0 = Release|Any CPU
		{201ACA4F-9A23-43EB-9BDB-AC1F9FD9849F}.Release|x86.ActiveCfg = Release|Any CPU
		{201ACA4F-9A23-43EB-9BDB-AC1F9FD9849F}.Release|x86.Build.0 = Release|Any CPU
		{C204C96F-156B-4075-A907-CAE3D8C08DBD}.Debug|Any CPU.ActiveCfg = Debug|Any CPU
		{C204C96F-156B-4075-A907-CAE3D8C08DBD}.Debug|Any CPU.Build.0 = Debug|Any CPU
		{C204C96F-156B-4075-A907-CAE3D8C08DBD}.Debug|ARM.ActiveCfg = Debug|Any CPU
		{C204C96F-156B-4075-A907-CAE3D8C08DBD}.Debug|ARM.Build.0 = Debug|Any CPU
		{C204C96F-156B-4075-A907-CAE3D8C08DBD}.Debug|x86.ActiveCfg = Debug|Any CPU
		{C204C96F-156B-4075-A907-CAE3D8C08DBD}.Debug|x86.Build.0 = Debug|Any CPU
		{C204C96F-156B-4075-A907-CAE3D8C08DBD}.Release|Any CPU.ActiveCfg = Release|Any CPU
		{C204C96F-156B-4075-A907-CAE3D8C08DBD}.Release|Any CPU.Build.0 = Release|Any CPU
		{C204C96F-156B-4075-A907-CAE3D8C08DBD}.Release|ARM.ActiveCfg = Release|Any CPU
		{C204C96F-156B-4075-A907-CAE3D8C08DBD}.Release|ARM.Build.0 = Release|Any CPU
		{C204C96F-156B-4075-A907-CAE3D8C08DBD}.Release|x86.ActiveCfg = Release|Any CPU
		{C204C96F-156B-4075-A907-CAE3D8C08DBD}.Release|x86.Build.0 = Release|Any CPU
		{3815DC65-43F7-4FEE-A19A-0F711C670F4F}.Debug|Any CPU.ActiveCfg = Debug|Any CPU
		{3815DC65-43F7-4FEE-A19A-0F711C670F4F}.Debug|Any CPU.Build.0 = Debug|Any CPU
		{3815DC65-43F7-4FEE-A19A-0F711C670F4F}.Debug|ARM.ActiveCfg = Debug|Any CPU
		{3815DC65-43F7-4FEE-A19A-0F711C670F4F}.Debug|ARM.Build.0 = Debug|Any CPU
		{3815DC65-43F7-4FEE-A19A-0F711C670F4F}.Debug|x86.ActiveCfg = Debug|Any CPU
		{3815DC65-43F7-4FEE-A19A-0F711C670F4F}.Debug|x86.Build.0 = Debug|Any CPU
		{3815DC65-43F7-4FEE-A19A-0F711C670F4F}.Release|Any CPU.ActiveCfg = Release|Any CPU
		{3815DC65-43F7-4FEE-A19A-0F711C670F4F}.Release|Any CPU.Build.0 = Release|Any CPU
		{3815DC65-43F7-4FEE-A19A-0F711C670F4F}.Release|ARM.ActiveCfg = Release|Any CPU
		{3815DC65-43F7-4FEE-A19A-0F711C670F4F}.Release|ARM.Build.0 = Release|Any CPU
		{3815DC65-43F7-4FEE-A19A-0F711C670F4F}.Release|x86.ActiveCfg = Release|Any CPU
		{3815DC65-43F7-4FEE-A19A-0F711C670F4F}.Release|x86.Build.0 = Release|Any CPU
		{1B1D2495-64F3-4AE7-87D1-62150C01FC2C}.Debug|Any CPU.ActiveCfg = Debug|Any CPU
		{1B1D2495-64F3-4AE7-87D1-62150C01FC2C}.Debug|Any CPU.Build.0 = Debug|Any CPU
		{1B1D2495-64F3-4AE7-87D1-62150C01FC2C}.Debug|ARM.ActiveCfg = Debug|Any CPU
		{1B1D2495-64F3-4AE7-87D1-62150C01FC2C}.Debug|ARM.Build.0 = Debug|Any CPU
		{1B1D2495-64F3-4AE7-87D1-62150C01FC2C}.Debug|x86.ActiveCfg = Debug|Any CPU
		{1B1D2495-64F3-4AE7-87D1-62150C01FC2C}.Debug|x86.Build.0 = Debug|Any CPU
		{1B1D2495-64F3-4AE7-87D1-62150C01FC2C}.Release|Any CPU.ActiveCfg = Release|Any CPU
		{1B1D2495-64F3-4AE7-87D1-62150C01FC2C}.Release|Any CPU.Build.0 = Release|Any CPU
		{1B1D2495-64F3-4AE7-87D1-62150C01FC2C}.Release|ARM.ActiveCfg = Release|Any CPU
		{1B1D2495-64F3-4AE7-87D1-62150C01FC2C}.Release|ARM.Build.0 = Release|Any CPU
		{1B1D2495-64F3-4AE7-87D1-62150C01FC2C}.Release|x86.ActiveCfg = Release|Any CPU
		{1B1D2495-64F3-4AE7-87D1-62150C01FC2C}.Release|x86.Build.0 = Release|Any CPU
		{7032A16A-91F3-4210-BE29-9138CBE01607}.Debug|Any CPU.ActiveCfg = Debug|Any CPU
		{7032A16A-91F3-4210-BE29-9138CBE01607}.Debug|Any CPU.Build.0 = Debug|Any CPU
		{7032A16A-91F3-4210-BE29-9138CBE01607}.Debug|ARM.ActiveCfg = Debug|Any CPU
		{7032A16A-91F3-4210-BE29-9138CBE01607}.Debug|ARM.Build.0 = Debug|Any CPU
		{7032A16A-91F3-4210-BE29-9138CBE01607}.Debug|x86.ActiveCfg = Debug|Any CPU
		{7032A16A-91F3-4210-BE29-9138CBE01607}.Debug|x86.Build.0 = Debug|Any CPU
		{7032A16A-91F3-4210-BE29-9138CBE01607}.Release|Any CPU.ActiveCfg = Release|Any CPU
		{7032A16A-91F3-4210-BE29-9138CBE01607}.Release|Any CPU.Build.0 = Release|Any CPU
		{7032A16A-91F3-4210-BE29-9138CBE01607}.Release|ARM.ActiveCfg = Release|Any CPU
		{7032A16A-91F3-4210-BE29-9138CBE01607}.Release|ARM.Build.0 = Release|Any CPU
		{7032A16A-91F3-4210-BE29-9138CBE01607}.Release|x86.ActiveCfg = Release|Any CPU
		{7032A16A-91F3-4210-BE29-9138CBE01607}.Release|x86.Build.0 = Release|Any CPU
		{DF3ADB75-0734-4A36-B25F-5CED939DA8DE}.Debug|Any CPU.ActiveCfg = Debug|Any CPU
		{DF3ADB75-0734-4A36-B25F-5CED939DA8DE}.Debug|Any CPU.Build.0 = Debug|Any CPU
		{DF3ADB75-0734-4A36-B25F-5CED939DA8DE}.Debug|ARM.ActiveCfg = Debug|Any CPU
		{DF3ADB75-0734-4A36-B25F-5CED939DA8DE}.Debug|ARM.Build.0 = Debug|Any CPU
		{DF3ADB75-0734-4A36-B25F-5CED939DA8DE}.Debug|x86.ActiveCfg = Debug|Any CPU
		{DF3ADB75-0734-4A36-B25F-5CED939DA8DE}.Debug|x86.Build.0 = Debug|Any CPU
		{DF3ADB75-0734-4A36-B25F-5CED939DA8DE}.Release|Any CPU.ActiveCfg = Release|Any CPU
		{DF3ADB75-0734-4A36-B25F-5CED939DA8DE}.Release|Any CPU.Build.0 = Release|Any CPU
		{DF3ADB75-0734-4A36-B25F-5CED939DA8DE}.Release|ARM.ActiveCfg = Release|Any CPU
		{DF3ADB75-0734-4A36-B25F-5CED939DA8DE}.Release|ARM.Build.0 = Release|Any CPU
		{DF3ADB75-0734-4A36-B25F-5CED939DA8DE}.Release|x86.ActiveCfg = Release|Any CPU
		{DF3ADB75-0734-4A36-B25F-5CED939DA8DE}.Release|x86.Build.0 = Release|Any CPU
	EndGlobalSection
	GlobalSection(SolutionProperties) = preSolution
		HideSolutionNode = FALSE
	EndGlobalSection
	GlobalSection(NestedProjects) = preSolution
		{348821B1-9574-4DC7-842D-26E535D2DC7B} = {A379EE7F-9CC7-49AC-8BC6-00671C24FF1F}
		{ECC00025-6791-40F4-8E9C-1E581485FAFC} = {A379EE7F-9CC7-49AC-8BC6-00671C24FF1F}
		{4B7D39C8-936C-4D99-8867-FEEB0A99F93D} = {A379EE7F-9CC7-49AC-8BC6-00671C24FF1F}
		{5E44BA1E-1C02-49A8-901C-855411121C92} = {4B7D39C8-936C-4D99-8867-FEEB0A99F93D}
		{D863CB41-C193-4234-8F55-74024C11116A} = {4B7D39C8-936C-4D99-8867-FEEB0A99F93D}
		{07551A16-4BE2-4A31-ABC0-E39ECB7AC739} = {4B7D39C8-936C-4D99-8867-FEEB0A99F93D}
		{7545C692-FF04-46CB-8281-436CA5EA7697} = {ECC00025-6791-40F4-8E9C-1E581485FAFC}
		{3583B6A0-9D4E-4D84-9F1D-03BCEE5A4A68} = {ECC00025-6791-40F4-8E9C-1E581485FAFC}
		{F875C0D6-AD6A-4CAE-AD9A-1032475A4F82} = {ECC00025-6791-40F4-8E9C-1E581485FAFC}
		{94FF26C7-27CC-40E0-8E97-3AB71FE3878A} = {348821B1-9574-4DC7-842D-26E535D2DC7B}
		{FA47C35F-0ABE-4DBC-A2DF-7A3AA38DAC22} = {348821B1-9574-4DC7-842D-26E535D2DC7B}
		{3EB204CD-A96D-4E0B-9F78-34312646678D} = {348821B1-9574-4DC7-842D-26E535D2DC7B}
		{09AD21F6-8D92-47D0-90B4-46B976F592AF} = {4B7D39C8-936C-4D99-8867-FEEB0A99F93D}
		{14B94E0C-94D6-4A79-B40F-0CD2C384CBC0} = {ECC00025-6791-40F4-8E9C-1E581485FAFC}
		{039292F8-6F68-483D-B2EB-C53CB7717C0E} = {348821B1-9574-4DC7-842D-26E535D2DC7B}
		{F0503541-A3DA-4EB1-B0B7-779E4276B2DF} = {A379EE7F-9CC7-49AC-8BC6-00671C24FF1F}
		{201ACA4F-9A23-43EB-9BDB-AC1F9FD9849F} = {ECC00025-6791-40F4-8E9C-1E581485FAFC}
		{C204C96F-156B-4075-A907-CAE3D8C08DBD} = {4B7D39C8-936C-4D99-8867-FEEB0A99F93D}
		{3815DC65-43F7-4FEE-A19A-0F711C670F4F} = {4B7D39C8-936C-4D99-8867-FEEB0A99F93D}
		{1B1D2495-64F3-4AE7-87D1-62150C01FC2C} = {4B7D39C8-936C-4D99-8867-FEEB0A99F93D}
		{7032A16A-91F3-4210-BE29-9138CBE01607} = {099EB1F3-4FFA-47B3-AA17-B45C416DED16}
		{DF3ADB75-0734-4A36-B25F-5CED939DA8DE} = {099EB1F3-4FFA-47B3-AA17-B45C416DED16}
	EndGlobalSection
EndGlobal
